
Microsoft Visual Studio Solution File, Format Version 12.00
# Visual Studio Version 17
VisualStudioVersion = 17.6.33829.357
MinimumVisualStudioVersion = 10.0.40219.1
Project("{FAE04EC0-301F-11D3-BF4B-00C04F79EFBC}") = "MP3player", "MP3player.csproj", "{87290D23-1396-49E4-99F7-6371405C303E}"
EndProject
Global
	GlobalSection(SolutionConfigurationPlatforms) = preSolution
		Debug|Any CPU = Debug|Any CPU
		Release|Any CPU = Release|Any CPU
	EndGlobalSection
	GlobalSection(ProjectConfigurationPlatforms) = postSolution
		{87290D23-1396-49E4-99F7-6371405C303E}.Debug|Any CPU.ActiveCfg = Debug|Any CPU
		{87290D23-1396-49E4-99F7-6371405C303E}.Debug|Any CPU.Build.0 = Debug|Any CPU
		{87290D23-1396-49E4-99F7-6371405C303E}.Release|Any CPU.ActiveCfg = Release|Any CPU
		{87290D23-1396-49E4-99F7-6371405C303E}.Release|Any CPU.Build.0 = Release|Any CPU
	EndGlobalSection
	GlobalSection(SolutionProperties) = preSolution
		HideSolutionNode = FALSE
	EndGlobalSection
	GlobalSection(ExtensibilityGlobals) = postSolution
		SolutionGuid = {F1CEDBC0-C317-467D-A38C-B342F944B010}
	EndGlobalSection
EndGlobal
